
Microsoft Visual Studio Solution File, Format Version 12.00
# Visual Studio Version 17
VisualStudioVersion = 17.13.35828.75
MinimumVisualStudioVersion = 10.0.40219.1
Project("{FAE04EC0-301F-11D3-BF4B-00C04F79EFBC}") = "Corely.Common", "Corely.Common\Corely.Common.csproj", "{328DBF65-F52F-08E3-7B1B-49931ED71D35}"
EndProject
Project("{FAE04EC0-301F-11D3-BF4B-00C04F79EFBC}") = "Corely.Common.UnitTests", "Corely.Common.UnitTests\Corely.Common.UnitTests.csproj", "{3375F2BB-6157-62DC-0E13-2D918D04E41F}"
EndProject
Project("{2150E333-8FDC-42A3-9474-1A3956D46DE8}") = "Solution Items", "Solution Items", "{8EC462FD-D22E-90A8-E5CE-7E832BA40C5D}"
	ProjectSection(SolutionItems) = preProject
		CONTRIBUTING.md = CONTRIBUTING.md
		LICENSE = LICENSE
		readme.md = readme.md
		RebuildAndTest.ps1 = RebuildAndTest.ps1
	EndProjectSection
EndProject
Project("{2150E333-8FDC-42A3-9474-1A3956D46DE8}") = "Docs", "Docs", "{02EA681E-C7D8-13C7-8484-4AC65E1B71E8}"
	ProjectSection(SolutionItems) = preProject
		Docs\converters.md = Docs\converters.md
		Docs\delimited-text.md = Docs\delimited-text.md
		Docs\dispose-base.md = Docs\dispose-base.md
		Docs\file-paths.md = Docs\file-paths.md
		Docs\index.md = Docs\index.md
		Docs\paged-result.md = Docs\paged-result.md
		Docs\redaction-provider.md = Docs\redaction-provider.md
	EndProjectSection
EndProject
Project("{2150E333-8FDC-42A3-9474-1A3956D46DE8}") = "extensions", "extensions", "{997FDE95-8C14-4658-9B65-415991786CD8}"
	ProjectSection(SolutionItems) = preProject
		Docs\extensions\byte-array-extensions.md = Docs\extensions\byte-array-extensions.md
		Docs\extensions\index.md = Docs\extensions\index.md
		Docs\extensions\null-checking-extensions.md = Docs\extensions\null-checking-extensions.md
		Docs\extensions\regex-extensions.md = Docs\extensions\regex-extensions.md
		Docs\extensions\string-extensions.md = Docs\extensions\string-extensions.md
	EndProjectSection
EndProject
Project("{2150E333-8FDC-42A3-9474-1A3956D46DE8}") = "http-handler", "http-handler", "{BB010222-EDD3-44BC-B9E1-AFF795B1EC84}"
	ProjectSection(SolutionItems) = preProject
		Docs\http-handler\error-handler.md = Docs\http-handler\error-handler.md
		Docs\http-handler\index.md = Docs\http-handler\index.md
		Docs\http-handler\request-response-handler.md = Docs\http-handler\request-response-handler.md
		Docs\http-handler\static-response-handler.md = Docs\http-handler\static-response-handler.md
	EndProjectSection
EndProject
Global
	GlobalSection(SolutionConfigurationPlatforms) = preSolution
		Debug|Any CPU = Debug|Any CPU
		Release|Any CPU = Release|Any CPU
	EndGlobalSection
	GlobalSection(ProjectConfigurationPlatforms) = postSolution
		{328DBF65-F52F-08E3-7B1B-49931ED71D35}.Debug|Any CPU.ActiveCfg = Debug|Any CPU
		{328DBF65-F52F-08E3-7B1B-49931ED71D35}.Debug|Any CPU.Build.0 = Debug|Any CPU
		{328DBF65-F52F-08E3-7B1B-49931ED71D35}.Release|Any CPU.ActiveCfg = Release|Any CPU
		{328DBF65-F52F-08E3-7B1B-49931ED71D35}.Release|Any CPU.Build.0 = Release|Any CPU
		{3375F2BB-6157-62DC-0E13-2D918D04E41F}.Debug|Any CPU.ActiveCfg = Debug|Any CPU
		{3375F2BB-6157-62DC-0E13-2D918D04E41F}.Debug|Any CPU.Build.0 = Debug|Any CPU
		{3375F2BB-6157-62DC-0E13-2D918D04E41F}.Release|Any CPU.ActiveCfg = Release|Any CPU
		{3375F2BB-6157-62DC-0E13-2D918D04E41F}.Release|Any CPU.Build.0 = Release|Any CPU
	EndGlobalSection
	GlobalSection(SolutionProperties) = preSolution
		HideSolutionNode = FALSE
	EndGlobalSection
	GlobalSection(NestedProjects) = preSolution
		{02EA681E-C7D8-13C7-8484-4AC65E1B71E8} = {8EC462FD-D22E-90A8-E5CE-7E832BA40C5D}
		{997FDE95-8C14-4658-9B65-415991786CD8} = {02EA681E-C7D8-13C7-8484-4AC65E1B71E8}
		{BB010222-EDD3-44BC-B9E1-AFF795B1EC84} = {02EA681E-C7D8-13C7-8484-4AC65E1B71E8}
	EndGlobalSection
	GlobalSection(ExtensibilityGlobals) = postSolution
		SolutionGuid = {6E6FB5CB-9259-4910-9795-B5858924D26C}
	EndGlobalSection
EndGlobal
